
Microsoft Visual Studio Solution File, Format Version 12.00
# Visual Studio 14
VisualStudioVersion = 14.0.25123.0
MinimumVisualStudioVersion = 10.0.40219.1
Project("{8BC9CEB8-8B4A-11D0-8D11-00A0C91BC942}") = "client", "client\client.vcxproj", "{CAB7C451-D992-4C44-9E5B-48D54B275BFC}"
EndProject
Project("{8BC9CEB8-8B4A-11D0-8D11-00A0C91BC942}") = "server", "server\server.vcxproj", "{419CDE32-E2AE-4391-8F19-364B57AA9C81}"
EndProject
Project("{2150E333-8FDC-42A3-9474-1A3956D46DE8}") = "Solution Items", "Solution Items", "{739B1655-FDF9-4CD8-91FF-DF190E84DDD3}"
	ProjectSection(SolutionItems) = preProject
		design.md = design.md
	EndProjectSection
EndProject
Project("{8BC9CEB8-8B4A-11D0-8D11-00A0C91BC942}") = "test", "test\test.vcxproj", "{B74A1F48-070B-4F47-8B6C-BE9C812BFC73}"
EndProject
Global
	GlobalSection(SolutionConfigurationPlatforms) = preSolution
		Debug|x64 = Debug|x64
		Debug|x86 = Debug|x86
		Release|x64 = Release|x64
		Release|x86 = Release|x86
	EndGlobalSection
	GlobalSection(ProjectConfigurationPlatforms) = postSolution
		{CAB7C451-D992-4C44-9E5B-48D54B275BFC}.Debug|x64.ActiveCfg = Debug|x64
		{CAB7C451-D992-4C44-9E5B-48D54B275BFC}.Debug|x64.Build.0 = Debug|x64
		{CAB7C451-D992-4C44-9E5B-48D54B275BFC}.Debug|x86.ActiveCfg = Debug|Win32
		{CAB7C451-D992-4C44-9E5B-48D54B275BFC}.Debug|x86.Build.0 = Debug|Win32
		{CAB7C451-D992-4C44-9E5B-48D54B275BFC}.Release|x64.ActiveCfg = Release|x64
		{CAB7C451-D992-4C44-9E5B-48D54B275BFC}.Release|x64.Build.0 = Release|x64
		{CAB7C451-D992-4C44-9E5B-48D54B275BFC}.Release|x86.ActiveCfg = Release|Win32
		{CAB7C451-D992-4C44-9E5B-48D54B275BFC}.Release|x86.Build.0 = Release|Win32
		{419CDE32-E2AE-4391-8F19-364B57AA9C81}.Debug|x64.ActiveCfg = Debug|x64
		{419CDE32-E2AE-4391-8F19-364B57AA9C81}.Debug|x64.Build.0 = Debug|x64
		{419CDE32-E2AE-4391-8F19-364B57AA9C81}.Debug|x86.ActiveCfg = Debug|Win32
		{419CDE32-E2AE-4391-8F19-364B57AA9C81}.Debug|x86.Build.0 = Debug|Win32
		{419CDE32-E2AE-4391-8F19-364B57AA9C81}.Release|x64.ActiveCfg = Release|x64
		{419CDE32-E2AE-4391-8F19-364B57AA9C81}.Release|x64.Build.0 = Release|x64
		{419CDE32-E2AE-4391-8F19-364B57AA9C81}.Release|x86.ActiveCfg = Release|Win32
		{419CDE32-E2AE-4391-8F19-364B57AA9C81}.Release|x86.Build.0 = Release|Win32
		{B74A1F48-070B-4F47-8B6C-BE9C812BFC73}.Debug|x64.ActiveCfg = Debug|x64
		{B74A1F48-070B-4F47-8B6C-BE9C812BFC73}.Debug|x64.Build.0 = Debug|x64
		{B74A1F48-070B-4F47-8B6C-BE9C812BFC73}.Debug|x86.ActiveCfg = Debug|Win32
		{B74A1F48-070B-4F47-8B6C-BE9C812BFC73}.Debug|x86.Build.0 = Debug|Win32
		{B74A1F48-070B-4F47-8B6C-BE9C812BFC73}.Release|x64.ActiveCfg = Release|x64
		{B74A1F48-070B-4F47-8B6C-BE9C812BFC73}.Release|x64.Build.0 = Release|x64
		{B74A1F48-070B-4F47-8B6C-BE9C812BFC73}.Release|x86.ActiveCfg = Release|Win32
		{B74A1F48-070B-4F47-8B6C-BE9C812BFC73}.Release|x86.Build.0 = Release|Win32
	EndGlobalSection
	GlobalSection(SolutionProperties) = preSolution
		HideSolutionNode = FALSE
	EndGlobalSection
EndGlobal
